
Microsoft Visual Studio Solution File, Format Version 12.00
# Visual Studio Version 16
VisualStudioVersion = 16.0.31005.135
MinimumVisualStudioVersion = 10.0.40219.1
Project("{FAE04EC0-301F-11D3-BF4B-00C04F79EFBC}") = "av-challenge-api", "av-challenge-api\av-challenge-api.csproj", "{0FE1B334-B52F-4D08-9602-66888C4053F2}"
EndProject
Project("{FAE04EC0-301F-11D3-BF4B-00C04F79EFBC}") = "Connection", "Connection\Connection.csproj", "{B9352FDB-0940-4F0E-8B2F-B2A49E5A799F}"
EndProject
Global
	GlobalSection(SolutionConfigurationPlatforms) = preSolution
		Debug|Any CPU = Debug|Any CPU
		Release|Any CPU = Release|Any CPU
	EndGlobalSection
	GlobalSection(ProjectConfigurationPlatforms) = postSolution
		{0FE1B334-B52F-4D08-9602-66888C4053F2}.Debug|Any CPU.ActiveCfg = Debug|Any CPU
		{0FE1B334-B52F-4D08-9602-66888C4053F2}.Debug|Any CPU.Build.0 = Debug|Any CPU
		{0FE1B334-B52F-4D08-9602-66888C4053F2}.Release|Any CPU.ActiveCfg = Release|Any CPU
		{0FE1B334-B52F-4D08-9602-66888C4053F2}.Release|Any CPU.Build.0 = Release|Any CPU
		{B9352FDB-0940-4F0E-8B2F-B2A49E5A799F}.Debug|Any CPU.ActiveCfg = Debug|Any CPU
		{B9352FDB-0940-4F0E-8B2F-B2A49E5A799F}.Debug|Any CPU.Build.0 = Debug|Any CPU
		{B9352FDB-0940-4F0E-8B2F-B2A49E5A799F}.Release|Any CPU.ActiveCfg = Release|Any CPU
		{B9352FDB-0940-4F0E-8B2F-B2A49E5A799F}.Release|Any CPU.Build.0 = Release|Any CPU
	EndGlobalSection
	GlobalSection(SolutionProperties) = preSolution
		HideSolutionNode = FALSE
	EndGlobalSection
	GlobalSection(ExtensibilityGlobals) = postSolution
		SolutionGuid = {CEE02F82-62F9-4F70-8839-8CE28CFAD042}
	EndGlobalSection
EndGlobal
